
Microsoft Visual Studio Solution File, Format Version 12.00
# Visual Studio Version 16
VisualStudioVersion = 16.0.30907.101
MinimumVisualStudioVersion = 10.0.40219.1
Project("{FAE04EC0-301F-11D3-BF4B-00C04F79EFBC}") = "BookStore", "BookStore.csproj", "{1BB6EAFA-3FBE-4C64-A551-D9A037AF5929}"
EndProject
Global
	GlobalSection(SolutionConfigurationPlatforms) = preSolution
		Debug|Any CPU = Debug|Any CPU
		Release|Any CPU = Release|Any CPU
	EndGlobalSection
	GlobalSection(ProjectConfigurationPlatforms) = postSolution
		{1BB6EAFA-3FBE-4C64-A551-D9A037AF5929}.Debug|Any CPU.ActiveCfg = Debug|Any CPU
		{1BB6EAFA-3FBE-4C64-A551-D9A037AF5929}.Debug|Any CPU.Build.0 = Debug|Any CPU
		{1BB6EAFA-3FBE-4C64-A551-D9A037AF5929}.Release|Any CPU.ActiveCfg = Release|Any CPU
		{1BB6EAFA-3FBE-4C64-A551-D9A037AF5929}.Release|Any CPU.Build.0 = Release|Any CPU
	EndGlobalSection
	GlobalSection(SolutionProperties) = preSolution
		HideSolutionNode = FALSE
	EndGlobalSection
	GlobalSection(ExtensibilityGlobals) = postSolution
		SolutionGuid = {5F3C34EF-12D9-4F17-BC54-ECCA7FEC53AB}
	EndGlobalSection
EndGlobal
